
Microsoft Visual Studio Solution File, Format Version 12.00
# Visual Studio 2012
Project("{FAE04EC0-301F-11D3-BF4B-00C04F79EFBC}") = "Algolia.Search", "Algolia.Search\Algolia.Search.csproj", "{693A4ED3-63CA-41A9-B3B5-06B4D52A5C70}"
EndProject
Project("{FAE04EC0-301F-11D3-BF4B-00C04F79EFBC}") = "Algolia.Search.Test", "Algolia.Search.Test\Algolia.Search.Test.csproj", "{6943D1F8-3E73-4D8B-83F4-534314A1B2BC}"
EndProject
Project("{2150E333-8FDC-42A3-9474-1A3956D46DE8}") = ".nuget", ".nuget", "{2DE307FD-3F6B-40C6-963F-104A9FE215CA}"
	ProjectSection(SolutionItems) = preProject
		.nuget\NuGet.Config = .nuget\NuGet.Config
		.nuget\NuGet.exe = .nuget\NuGet.exe
		.nuget\NuGet.targets = .nuget\NuGet.targets
	EndProjectSection
EndProject
Global
	GlobalSection(SolutionConfigurationPlatforms) = preSolution
		Debug|Any CPU = Debug|Any CPU
		Release|Any CPU = Release|Any CPU
	EndGlobalSection
	GlobalSection(ProjectConfigurationPlatforms) = postSolution
		{693A4ED3-63CA-41A9-B3B5-06B4D52A5C70}.Debug|Any CPU.ActiveCfg = Debug|Any CPU
		{693A4ED3-63CA-41A9-B3B5-06B4D52A5C70}.Debug|Any CPU.Build.0 = Debug|Any CPU
		{693A4ED3-63CA-41A9-B3B5-06B4D52A5C70}.Release|Any CPU.ActiveCfg = Release|Any CPU
		{693A4ED3-63CA-41A9-B3B5-06B4D52A5C70}.Release|Any CPU.Build.0 = Release|Any CPU
		{6943D1F8-3E73-4D8B-83F4-534314A1B2BC}.Debug|Any CPU.ActiveCfg = Debug|Any CPU
		{6943D1F8-3E73-4D8B-83F4-534314A1B2BC}.Debug|Any CPU.Build.0 = Debug|Any CPU
		{6943D1F8-3E73-4D8B-83F4-534314A1B2BC}.Release|Any CPU.ActiveCfg = Release|Any CPU
		{6943D1F8-3E73-4D8B-83F4-534314A1B2BC}.Release|Any CPU.Build.0 = Release|Any CPU
	EndGlobalSection
	GlobalSection(SolutionProperties) = preSolution
		HideSolutionNode = FALSE
	EndGlobalSection
EndGlobal
