
Microsoft Visual Studio Solution File, Format Version 12.00
# Visual Studio 15
VisualStudioVersion = 15.0.26228.9
MinimumVisualStudioVersion = 10.0.40219.1
Project("{9A19103F-16F7-4668-BE54-9A1E7A4F7556}") = "Algolia.Search", "Algolia.Search\Algolia.Search.csproj", "{37B76C7C-24B3-42C6-A46F-9D02A8C0F2FC}"
EndProject
Project("{FAE04EC0-301F-11D3-BF4B-00C04F79EFBC}") = "Algolia.Search.Test", "Algolia.Search.Test\Algolia.Search.Test.csproj", "{7F0A2040-518B-42A2-82B0-A12C89AF3755}"
EndProject
Global
	GlobalSection(SolutionConfigurationPlatforms) = preSolution
		Debug|Any CPU = Debug|Any CPU
		Debug|ARM = Debug|ARM
		Debug|x64 = Debug|x64
		Debug|x86 = Debug|x86
		Release|Any CPU = Release|Any CPU
		Release|ARM = Release|ARM
		Release|x64 = Release|x64
		Release|x86 = Release|x86
	EndGlobalSection
	GlobalSection(ProjectConfigurationPlatforms) = postSolution
		{37B76C7C-24B3-42C6-A46F-9D02A8C0F2FC}.Debug|Any CPU.ActiveCfg = Debug|Any CPU
		{37B76C7C-24B3-42C6-A46F-9D02A8C0F2FC}.Debug|Any CPU.Build.0 = Debug|Any CPU
		{37B76C7C-24B3-42C6-A46F-9D02A8C0F2FC}.Debug|ARM.ActiveCfg = Debug|Any CPU
		{37B76C7C-24B3-42C6-A46F-9D02A8C0F2FC}.Debug|ARM.Build.0 = Debug|Any CPU
		{37B76C7C-24B3-42C6-A46F-9D02A8C0F2FC}.Debug|x64.ActiveCfg = Debug|Any CPU
		{37B76C7C-24B3-42C6-A46F-9D02A8C0F2FC}.Debug|x64.Build.0 = Debug|Any CPU
		{37B76C7C-24B3-42C6-A46F-9D02A8C0F2FC}.Debug|x86.ActiveCfg = Debug|Any CPU
		{37B76C7C-24B3-42C6-A46F-9D02A8C0F2FC}.Debug|x86.Build.0 = Debug|Any CPU
		{37B76C7C-24B3-42C6-A46F-9D02A8C0F2FC}.Release|Any CPU.ActiveCfg = Release|Any CPU
		{37B76C7C-24B3-42C6-A46F-9D02A8C0F2FC}.Release|Any CPU.Build.0 = Release|Any CPU
		{37B76C7C-24B3-42C6-A46F-9D02A8C0F2FC}.Release|ARM.ActiveCfg = Release|Any CPU
		{37B76C7C-24B3-42C6-A46F-9D02A8C0F2FC}.Release|ARM.Build.0 = Release|Any CPU
		{37B76C7C-24B3-42C6-A46F-9D02A8C0F2FC}.Release|x64.ActiveCfg = Release|Any CPU
		{37B76C7C-24B3-42C6-A46F-9D02A8C0F2FC}.Release|x64.Build.0 = Release|Any CPU
		{37B76C7C-24B3-42C6-A46F-9D02A8C0F2FC}.Release|x86.ActiveCfg = Release|Any CPU
		{37B76C7C-24B3-42C6-A46F-9D02A8C0F2FC}.Release|x86.Build.0 = Release|Any CPU
		{7F0A2040-518B-42A2-82B0-A12C89AF3755}.Debug|Any CPU.ActiveCfg = Debug|Any CPU
		{7F0A2040-518B-42A2-82B0-A12C89AF3755}.Debug|Any CPU.Build.0 = Debug|Any CPU
		{7F0A2040-518B-42A2-82B0-A12C89AF3755}.Debug|ARM.ActiveCfg = Debug|Any CPU
		{7F0A2040-518B-42A2-82B0-A12C89AF3755}.Debug|ARM.Build.0 = Debug|Any CPU
		{7F0A2040-518B-42A2-82B0-A12C89AF3755}.Debug|x64.ActiveCfg = Debug|Any CPU
		{7F0A2040-518B-42A2-82B0-A12C89AF3755}.Debug|x64.Build.0 = Debug|Any CPU
		{7F0A2040-518B-42A2-82B0-A12C89AF3755}.Debug|x86.ActiveCfg = Debug|Any CPU
		{7F0A2040-518B-42A2-82B0-A12C89AF3755}.Debug|x86.Build.0 = Debug|Any CPU
		{7F0A2040-518B-42A2-82B0-A12C89AF3755}.Release|Any CPU.ActiveCfg = Release|Any CPU
		{7F0A2040-518B-42A2-82B0-A12C89AF3755}.Release|Any CPU.Build.0 = Release|Any CPU
		{7F0A2040-518B-42A2-82B0-A12C89AF3755}.Release|ARM.ActiveCfg = Release|Any CPU
		{7F0A2040-518B-42A2-82B0-A12C89AF3755}.Release|ARM.Build.0 = Release|Any CPU
		{7F0A2040-518B-42A2-82B0-A12C89AF3755}.Release|x64.ActiveCfg = Release|Any CPU
		{7F0A2040-518B-42A2-82B0-A12C89AF3755}.Release|x64.Build.0 = Release|Any CPU
		{7F0A2040-518B-42A2-82B0-A12C89AF3755}.Release|x86.ActiveCfg = Release|Any CPU
		{7F0A2040-518B-42A2-82B0-A12C89AF3755}.Release|x86.Build.0 = Release|Any CPU
	EndGlobalSection
	GlobalSection(SolutionProperties) = preSolution
		HideSolutionNode = FALSE
	EndGlobalSection
	GlobalSection(ExtensibilityGlobals) = postSolution
		SolutionGuid = {A36D2F44-0CB3-45A1-B3C0-3AC1F0169D73}
	EndGlobalSection
	GlobalSection(CodealikeProperties) = postSolution
		SolutionGuid = 1c0ed16e-2ab5-4b23-8b99-f1a0ed8858b1
	EndGlobalSection
EndGlobal
